
Microsoft Visual Studio Solution File, Format Version 12.00
# Visual Studio 15
VisualStudioVersion = 15.0.27004.2002
MinimumVisualStudioVersion = 10.0.40219.1
Project("{FAE04EC0-301F-11D3-BF4B-00C04F79EFBC}") = "Template", "PSP1\Template.csproj", "{9886E7FF-1B4B-43B0-A974-13DC140B28F6}"
EndProject
Project("{FAE04EC0-301F-11D3-BF4B-00C04F79EFBC}") = "Strategy", "Strategy\Strategy.csproj", "{340864DF-A99F-4E38-B828-0DF6C6021982}"
EndProject
Global
	GlobalSection(SolutionConfigurationPlatforms) = preSolution
		Debug|Any CPU = Debug|Any CPU
		Release|Any CPU = Release|Any CPU
	EndGlobalSection
	GlobalSection(ProjectConfigurationPlatforms) = postSolution
		{9886E7FF-1B4B-43B0-A974-13DC140B28F6}.Debug|Any CPU.ActiveCfg = Debug|Any CPU
		{9886E7FF-1B4B-43B0-A974-13DC140B28F6}.Debug|Any CPU.Build.0 = Debug|Any CPU
		{9886E7FF-1B4B-43B0-A974-13DC140B28F6}.Release|Any CPU.ActiveCfg = Release|Any CPU
		{9886E7FF-1B4B-43B0-A974-13DC140B28F6}.Release|Any CPU.Build.0 = Release|Any CPU
		{340864DF-A99F-4E38-B828-0DF6C6021982}.Debug|Any CPU.ActiveCfg = Debug|Any CPU
		{340864DF-A99F-4E38-B828-0DF6C6021982}.Debug|Any CPU.Build.0 = Debug|Any CPU
		{340864DF-A99F-4E38-B828-0DF6C6021982}.Release|Any CPU.ActiveCfg = Release|Any CPU
		{340864DF-A99F-4E38-B828-0DF6C6021982}.Release|Any CPU.Build.0 = Release|Any CPU
	EndGlobalSection
	GlobalSection(SolutionProperties) = preSolution
		HideSolutionNode = FALSE
	EndGlobalSection
	GlobalSection(ExtensibilityGlobals) = postSolution
		SolutionGuid = {DE89D614-0A6F-4694-A687-C3C3F7D211F5}
	EndGlobalSection
EndGlobal
